
Microsoft Visual Studio Solution File, Format Version 12.00
# Visual Studio Version 17
VisualStudioVersion = 17.2.32616.157
MinimumVisualStudioVersion = 10.0.40219.1
Project("{8BC9CEB8-8B4A-11D0-8D11-00A0C91BC942}") = "Sandbox", "Sandbox\Sandbox.vcxproj", "{4014F14D-9CB3-4B72-9D10-E42CD6295730}"
EndProject
Project("{8BC9CEB8-8B4A-11D0-8D11-00A0C91BC942}") = "73Engine", "73Engine\73Engine.vcxproj", "{7192A702-829C-4E21-8248-17CA39188D31}"
EndProject
Global
	GlobalSection(SolutionConfigurationPlatforms) = preSolution
		Debug|x64 = Debug|x64
		Release|x64 = Release|x64
	EndGlobalSection
	GlobalSection(ProjectConfigurationPlatforms) = postSolution
		{7192A702-829C-4E21-8248-17CA39188D31}.Debug|x64.ActiveCfg = Debug|x64
		{7192A702-829C-4E21-8248-17CA39188D31}.Debug|x64.Build.0 = Debug|x64
		{7192A702-829C-4E21-8248-17CA39188D31}.Release|x64.ActiveCfg = Release|x64
		{7192A702-829C-4E21-8248-17CA39188D31}.Release|x64.Build.0 = Release|x64
		{4014F14D-9CB3-4B72-9D10-E42CD6295730}.Debug|x64.ActiveCfg = Debug|x64
		{4014F14D-9CB3-4B72-9D10-E42CD6295730}.Debug|x64.Build.0 = Debug|x64
		{4014F14D-9CB3-4B72-9D10-E42CD6295730}.Release|x64.ActiveCfg = Release|x64
		{4014F14D-9CB3-4B72-9D10-E42CD6295730}.Release|x64.Build.0 = Release|x64
	EndGlobalSection
	GlobalSection(SolutionProperties) = preSolution
		HideSolutionNode = FALSE
	EndGlobalSection
	GlobalSection(ExtensibilityGlobals) = postSolution
		SolutionGuid = {37E6F7C7-DB41-4293-ADED-54CD75A56AD1}
	EndGlobalSection
EndGlobal
